
Microsoft Visual Studio Solution File, Format Version 12.00
# Visual Studio 2013
VisualStudioVersion = 12.0.40629.0
MinimumVisualStudioVersion = 10.0.40219.1
Project("{FAE04EC0-301F-11D3-BF4B-00C04F79EFBC}") = "psiScanDriver", "psiScanDriver\psiScanDriver.csproj", "{6295C3A0-85BC-4442-8422-83A855C6D06E}"
EndProject
Global
	GlobalSection(SolutionConfigurationPlatforms) = preSolution
		Debug|Any CPU = Debug|Any CPU
		Release|Any CPU = Release|Any CPU
	EndGlobalSection
	GlobalSection(ProjectConfigurationPlatforms) = postSolution
		{6295C3A0-85BC-4442-8422-83A855C6D06E}.Debug|Any CPU.ActiveCfg = Debug|Any CPU
		{6295C3A0-85BC-4442-8422-83A855C6D06E}.Debug|Any CPU.Build.0 = Debug|Any CPU
		{6295C3A0-85BC-4442-8422-83A855C6D06E}.Release|Any CPU.ActiveCfg = Release|Any CPU
		{6295C3A0-85BC-4442-8422-83A855C6D06E}.Release|Any CPU.Build.0 = Release|Any CPU
	EndGlobalSection
	GlobalSection(SolutionProperties) = preSolution
		HideSolutionNode = FALSE
	EndGlobalSection
EndGlobal
